
Microsoft Visual Studio Solution File, Format Version 12.00
# Visual Studio 15
VisualStudioVersion = 15.0.28307.645
MinimumVisualStudioVersion = 10.0.40219.1
Project("{FAE04EC0-301F-11D3-BF4B-00C04F79EFBC}") = "ScreenCapture", "ScreenCapture\ScreenCapture.csproj", "{DE54BF33-0863-4842-8A31-5AD5676CB027}"
EndProject
Global
	GlobalSection(SolutionConfigurationPlatforms) = preSolution
		Debug|Any CPU = Debug|Any CPU
		Release|Any CPU = Release|Any CPU
	EndGlobalSection
	GlobalSection(ProjectConfigurationPlatforms) = postSolution
		{DE54BF33-0863-4842-8A31-5AD5676CB027}.Debug|Any CPU.ActiveCfg = Debug|Any CPU
		{DE54BF33-0863-4842-8A31-5AD5676CB027}.Debug|Any CPU.Build.0 = Debug|Any CPU
		{DE54BF33-0863-4842-8A31-5AD5676CB027}.Release|Any CPU.ActiveCfg = Release|Any CPU
		{DE54BF33-0863-4842-8A31-5AD5676CB027}.Release|Any CPU.Build.0 = Release|Any CPU
	EndGlobalSection
	GlobalSection(SolutionProperties) = preSolution
		HideSolutionNode = FALSE
	EndGlobalSection
	GlobalSection(ExtensibilityGlobals) = postSolution
		SolutionGuid = {913DB20F-F1CE-4CFB-A907-9AABF3061AE7}
	EndGlobalSection
EndGlobal
